
Microsoft Visual Studio Solution File, Format Version 12.00
# Visual Studio Version 16
VisualStudioVersion = 16.0.30204.135
MinimumVisualStudioVersion = 10.0.40219.1
Project("{9A19103F-16F7-4668-BE54-9A1E7A4F7556}") = "MindMatters.WebApi", "MindMatters.WebApi\MindMatters.WebApi.csproj", "{4266C395-D3C7-4CCC-90E5-FD3F12F993B5}"
EndProject
Project("{FAE04EC0-301F-11D3-BF4B-00C04F79EFBC}") = "MindMatters.Repository", "MindMatters.Repository\MindMatters.Repository.csproj", "{DFDD893D-6183-4F87-A5DC-E21D098F3E88}"
EndProject
Project("{FAE04EC0-301F-11D3-BF4B-00C04F79EFBC}") = "MindMatters.Service", "MindMatters.Service\MindMatters.Service.csproj", "{170827FF-C45B-4CDE-A370-9FE76F4D31CD}"
EndProject
Project("{FAE04EC0-301F-11D3-BF4B-00C04F79EFBC}") = "MindMatters.DomainModel", "MindMatters.DomainModel\MindMatters.DomainModel.csproj", "{617DA356-00ED-40C1-956C-5DC560CC1A78}"
EndProject
Global
	GlobalSection(SolutionConfigurationPlatforms) = preSolution
		Debug|Any CPU = Debug|Any CPU
		Release|Any CPU = Release|Any CPU
	EndGlobalSection
	GlobalSection(ProjectConfigurationPlatforms) = postSolution
		{4266C395-D3C7-4CCC-90E5-FD3F12F993B5}.Debug|Any CPU.ActiveCfg = Debug|Any CPU
		{4266C395-D3C7-4CCC-90E5-FD3F12F993B5}.Debug|Any CPU.Build.0 = Debug|Any CPU
		{4266C395-D3C7-4CCC-90E5-FD3F12F993B5}.Release|Any CPU.ActiveCfg = Release|Any CPU
		{4266C395-D3C7-4CCC-90E5-FD3F12F993B5}.Release|Any CPU.Build.0 = Release|Any CPU
		{DFDD893D-6183-4F87-A5DC-E21D098F3E88}.Debug|Any CPU.ActiveCfg = Debug|Any CPU
		{DFDD893D-6183-4F87-A5DC-E21D098F3E88}.Debug|Any CPU.Build.0 = Debug|Any CPU
		{DFDD893D-6183-4F87-A5DC-E21D098F3E88}.Release|Any CPU.ActiveCfg = Release|Any CPU
		{DFDD893D-6183-4F87-A5DC-E21D098F3E88}.Release|Any CPU.Build.0 = Release|Any CPU
		{170827FF-C45B-4CDE-A370-9FE76F4D31CD}.Debug|Any CPU.ActiveCfg = Debug|Any CPU
		{170827FF-C45B-4CDE-A370-9FE76F4D31CD}.Debug|Any CPU.Build.0 = Debug|Any CPU
		{170827FF-C45B-4CDE-A370-9FE76F4D31CD}.Release|Any CPU.ActiveCfg = Release|Any CPU
		{170827FF-C45B-4CDE-A370-9FE76F4D31CD}.Release|Any CPU.Build.0 = Release|Any CPU
		{617DA356-00ED-40C1-956C-5DC560CC1A78}.Debug|Any CPU.ActiveCfg = Debug|Any CPU
		{617DA356-00ED-40C1-956C-5DC560CC1A78}.Debug|Any CPU.Build.0 = Debug|Any CPU
		{617DA356-00ED-40C1-956C-5DC560CC1A78}.Release|Any CPU.ActiveCfg = Release|Any CPU
		{617DA356-00ED-40C1-956C-5DC560CC1A78}.Release|Any CPU.Build.0 = Release|Any CPU
	EndGlobalSection
	GlobalSection(SolutionProperties) = preSolution
		HideSolutionNode = FALSE
	EndGlobalSection
	GlobalSection(ExtensibilityGlobals) = postSolution
		SolutionGuid = {7C6C59BA-8F7A-454D-91C0-53DF022D6A9E}
	EndGlobalSection
EndGlobal
